
Microsoft Visual Studio Solution File, Format Version 12.00
# Visual Studio Version 17
VisualStudioVersion = 17.4.33213.308
MinimumVisualStudioVersion = 10.0.40219.1
Project("{2150E333-8FDC-42A3-9474-1A3956D46DE8}") = "Invoicing", "Invoicing", "{3219B46A-67E5-46CA-ABFD-1CFA6449543C}"
EndProject
Project("{FAE04EC0-301F-11D3-BF4B-00C04F79EFBC}") = "Invoicing.API", "Invoicing\Invoicing.API\Invoicing.API.csproj", "{D6F25F8D-C031-457D-9A42-69F054805A7C}"
EndProject
Global
	GlobalSection(SolutionConfigurationPlatforms) = preSolution
		Debug|Any CPU = Debug|Any CPU
		Release|Any CPU = Release|Any CPU
	EndGlobalSection
	GlobalSection(ProjectConfigurationPlatforms) = postSolution
		{D6F25F8D-C031-457D-9A42-69F054805A7C}.Debug|Any CPU.ActiveCfg = Debug|Any CPU
		{D6F25F8D-C031-457D-9A42-69F054805A7C}.Debug|Any CPU.Build.0 = Debug|Any CPU
		{D6F25F8D-C031-457D-9A42-69F054805A7C}.Release|Any CPU.ActiveCfg = Release|Any CPU
		{D6F25F8D-C031-457D-9A42-69F054805A7C}.Release|Any CPU.Build.0 = Release|Any CPU
	EndGlobalSection
	GlobalSection(SolutionProperties) = preSolution
		HideSolutionNode = FALSE
	EndGlobalSection
	GlobalSection(NestedProjects) = preSolution
		{D6F25F8D-C031-457D-9A42-69F054805A7C} = {3219B46A-67E5-46CA-ABFD-1CFA6449543C}
	EndGlobalSection
	GlobalSection(ExtensibilityGlobals) = postSolution
		SolutionGuid = {B6AAD54D-AB9B-4A06-BB5B-F7C28E579D05}
	EndGlobalSection
EndGlobal
